
Microsoft Visual Studio Solution File, Format Version 11.00
# Visual Studio 2010
Project("{FAE04EC0-301F-11D3-BF4B-00C04F79EFBC}") = "p5", "p5\p5.csproj", "{1C174C1E-E790-4495-83F0-E4DE46928995}"
EndProject
Global
	GlobalSection(SolutionConfigurationPlatforms) = preSolution
		Debug|Any CPU = Debug|Any CPU
		Release|Any CPU = Release|Any CPU
	EndGlobalSection
	GlobalSection(ProjectConfigurationPlatforms) = postSolution
		{1C174C1E-E790-4495-83F0-E4DE46928995}.Debug|Any CPU.ActiveCfg = Debug|Any CPU
		{1C174C1E-E790-4495-83F0-E4DE46928995}.Debug|Any CPU.Build.0 = Debug|Any CPU
		{1C174C1E-E790-4495-83F0-E4DE46928995}.Release|Any CPU.ActiveCfg = Release|Any CPU
		{1C174C1E-E790-4495-83F0-E4DE46928995}.Release|Any CPU.Build.0 = Release|Any CPU
	EndGlobalSection
	GlobalSection(SolutionProperties) = preSolution
		HideSolutionNode = FALSE
	EndGlobalSection
EndGlobal
