
Microsoft Visual Studio Solution File, Format Version 11.00
# Visual Studio 2010
Project("{FAE04EC0-301F-11D3-BF4B-00C04F79EFBC}") = "linq", "linq\linq.csproj", "{DD314D53-CD2B-4865-B53B-D869DE7557A2}"
EndProject
Global
	GlobalSection(SolutionConfigurationPlatforms) = preSolution
		Debug|Any CPU = Debug|Any CPU
		Release|Any CPU = Release|Any CPU
	EndGlobalSection
	GlobalSection(ProjectConfigurationPlatforms) = postSolution
		{DD314D53-CD2B-4865-B53B-D869DE7557A2}.Debug|Any CPU.ActiveCfg = Debug|Any CPU
		{DD314D53-CD2B-4865-B53B-D869DE7557A2}.Debug|Any CPU.Build.0 = Debug|Any CPU
		{DD314D53-CD2B-4865-B53B-D869DE7557A2}.Release|Any CPU.ActiveCfg = Release|Any CPU
		{DD314D53-CD2B-4865-B53B-D869DE7557A2}.Release|Any CPU.Build.0 = Release|Any CPU
	EndGlobalSection
	GlobalSection(SolutionProperties) = preSolution
		HideSolutionNode = FALSE
	EndGlobalSection
EndGlobal
